// !$*UTF8*$!
{
	archiveVersion = 1;
	classes = {
	};
	objectVersion = 55;
	objects = {

/* Begin PBXBuildFile section */
		BD48AE8328A42BCC0024400C /* AppDelegate.swift in Sources */ = {isa = PBXBuildFile; fileRef = BD48AE8228A42BCC0024400C /* AppDelegate.swift */; };
		BD48AE8528A42BCC0024400C /* SceneDelegate.swift in Sources */ = {isa = PBXBuildFile; fileRef = BD48AE8428A42BCC0024400C /* SceneDelegate.swift */; };
		BD48AE8728A42BCC0024400C /* ViewController.swift in Sources */ = {isa = PBXBuildFile; fileRef = BD48AE8628A42BCC0024400C /* ViewController.swift */; };
		BD48AE8A28A42BCC0024400C /* Main.storyboard in Resources */ = {isa = PBXBuildFile; fileRef = BD48AE8828A42BCC0024400C /* Main.storyboard */; };
		BD48AE8D28A42BCC0024400C /* Actions_Outlets_1.xcdatamodeld in Sources */ = {isa = PBXBuildFile; fileRef = BD48AE8B28A42BCC0024400C /* Actions_Outlets_1.xcdatamodeld */; };
		BD48AE8F28A42BCE0024400C /* Assets.xcassets in Resources */ = {isa = PBXBuildFile; fileRef = BD48AE8E28A42BCE0024400C /* Assets.xcassets */; };
		BD48AE9228A42BCE0024400C /* LaunchScreen.storyboard in Resources */ = {isa = PBXBuildFile; fileRef = BD48AE9028A42BCE0024400C /* LaunchScreen.storyboard */; };
/* End PBXBuildFile section */

/* Begin PBXFileReference section */
		BD48AE7F28A42BCC0024400C /* Actions&Outlets_1.app */ = {isa = PBXFileReference; explicitFileType = wrapper.application; includeInIndex = 0; path = "Actions&Outlets_1.app"; sourceTree = BUILT_PRODUCTS_DIR; };
		BD48AE8228A42BCC0024400C /* AppDelegate.swift */ = {isa = PBXFileReference; lastKnownFileType = sourcecode.swift; path = AppDelegate.swift; sourceTree = "<group>"; };
		BD48AE8428A42BCC0024400C /* SceneDelegate.swift */ = {isa = PBXFileReference; lastKnownFileType = sourcecode.swift; path = SceneDelegate.swift; sourceTree = "<group>"; };
		BD48AE8628A42BCC0024400C /* ViewController.swift */ = {isa = PBXFileReference; lastKnownFileType = sourcecode.swift; path = ViewController.swift; sourceTree = "<group>"; };
		BD48AE8928A42BCC0024400C /* Base */ = {isa = PBXFileReference; lastKnownFileType = file.storyboard; name = Base; path = Base.lproj/Main.storyboard; sourceTree = "<group>"; };
		BD48AE8C28A42BCC0024400C /* Actions_Outlets_1.xcdatamodel */ = {isa = PBXFileReference; lastKnownFileType = wrapper.xcdatamodel; path = Actions_Outlets_1.xcdatamodel; sourceTree = "<group>"; };
		BD48AE8E28A42BCE0024400C /* Assets.xcassets */ = {isa = PBXFileReference; lastKnownFileType = folder.assetcatalog; path = Assets.xcassets; sourceTree = "<group>"; };
		BD48AE9128A42BCE0024400C /* Base */ = {isa = PBXFileReference; lastKnownFileType = file.storyboard; name = Base; path = Base.lproj/LaunchScreen.storyboard; sourceTree = "<group>"; };
		BD48AE9328A42BCE0024400C /* Info.plist */ = {isa = PBXFileReference; lastKnownFileType = text.plist.xml; path = Info.plist; sourceTree = "<group>"; };
/* End PBXFileReference section */

/* Begin PBXFrameworksBuildPhase section */
		BD48AE7C28A42BCC0024400C /* Frameworks */ = {
			isa = PBXFrameworksBuildPhase;
			buildActionMask = 2147483647;
			files = (
			);
			runOnlyForDeploymentPostprocessing = 0;
		};
/* End PBXFrameworksBuildPhase section */

/* Begin PBXGroup section */
		BD48AE7628A42BCC0024400C = {
			isa = PBXGroup;
			children = (
				BD48AE8128A42BCC0024400C /* Actions&Outlets_1 */,
				BD48AE8028A42BCC0024400C /* Products */,
			);
			sourceTree = "<group>";
		};
		BD48AE8028A42BCC0024400C /* Products */ = {
			isa = PBXGroup;
			children = (
				BD48AE7F28A42BCC0024400C /* Actions&Outlets_1.app */,
			);
			name = Products;
			sourceTree = "<group>";
		};
		BD48AE8128A42BCC0024400C /* Actions&Outlets_1 */ = {
			isa = PBXGroup;
			children = (
				BD48AE8228A42BCC0024400C /* AppDelegate.swift */,
				BD48AE8428A42BCC0024400C /* SceneDelegate.swift */,
				BD48AE8628A42BCC0024400C /* ViewController.swift */,
				BD48AE8828A42BCC0024400C /* Main.storyboard */,
				BD48AE8E28A42BCE0024400C /* Assets.xcassets */,
				BD48AE9028A42BCE0024400C /* LaunchScreen.storyboard */,
				BD48AE9328A42BCE0024400C /* Info.plist */,
				BD48AE8B28A42BCC0024400C /* Actions_Outlets_1.xcdatamodeld */,
			);
			path = "Actions&Outlets_1";
			sourceTree = "<group>";
		};
/* End PBXGroup section */

/* Begin PBXNativeTarget section */
		BD48AE7E28A42BCC0024400C /* Actions&Outlets_1 */ = {
			isa = PBXNativeTarget;
			buildConfigurationList = BD48AE9628A42BCE0024400C /* Build configuration list for PBXNativeTarget "Actions&Outlets_1" */;
			buildPhases = (
				BD48AE7B28A42BCC0024400C /* Sources */,
				BD48AE7C28A42BCC0024400C /* Frameworks */,
				BD48AE7D28A42BCC0024400C /* Resources */,
			);
			buildRules = (
			);
			dependencies = (
			);
			name = "Actions&Outlets_1";
			productName = "Actions&Outlets_1";
			productReference = BD48AE7F28A42BCC0024400C /* Actions&Outlets_1.app */;
			productType = "com.apple.product-type.application";
		};
/* End PBXNativeTarget section */

/* Begin PBXProject section */
		BD48AE7728A42BCC0024400C /* Project object */ = {
			isa = PBXProject;
			attributes = {
				BuildIndependentTargetsInParallel = 1;
				LastSwiftUpdateCheck = 1340;
				LastUpgradeCheck = 1340;
				TargetAttributes = {
					BD48AE7E28A42BCC0024400C = {
						CreatedOnToolsVersion = 13.4.1;
					};
				};
			};
			buildConfigurationList = BD48AE7A28A42BCC0024400C /* Build configuration list for PBXProject "Actions&Outlets_1" */;
			compatibilityVersion = "Xcode 13.0";
			developmentRegion = en;
			hasScannedForEncodings = 0;
			knownRegions = (
				en,
				Base,
			);
			mainGroup = BD48AE7628A42BCC0024400C;
			productRefGroup = BD48AE8028A42BCC0024400C /* Products */;
			projectDirPath = "";
			projectRoot = "";
			targets = (
				BD48AE7E28A42BCC0024400C /* Actions&Outlets_1 */,
			);
		};
/* End PBXProject section */

/* Begin PBXResourcesBuildPhase section */
		BD48AE7D28A42BCC0024400C /* Resources */ = {
			isa = PBXResourcesBuildPhase;
			buildActionMask = 2147483647;
			files = (
				BD48AE9228A42BCE0024400C /* LaunchScreen.storyboard in Resources */,
				BD48AE8F28A42BCE0024400C /* Assets.xcassets in Resources */,
				BD48AE8A28A42BCC0024400C /* Main.storyboard in Resources */,
			);
			runOnlyForDeploymentPostprocessing = 0;
		};
/* End PBXResourcesBuildPhase section */

/* Begin PBXSourcesBuildPhase section */
		BD48AE7B28A42BCC0024400C /* Sources */ = {
			isa = PBXSourcesBuildPhase;
			buildActionMask = 2147483647;
			files = (
				BD48AE8728A42BCC0024400C /* ViewController.swift in Sources */,
				BD48AE8328A42BCC0024400C /* AppDelegate.swift in Sources */,
				BD48AE8D28A42BCC0024400C /* Actions_Outlets_1.xcdatamodeld in Sources */,
				BD48AE8528A42BCC0024400C /* SceneDelegate.swift in Sources */,
			);
			runOnlyForDeploymentPostprocessing = 0;
		};
/* End PBXSourcesBuildPhase section */

/* Begin PBXVariantGroup section */
		BD48AE8828A42BCC0024400C /* Main.storyboard */ = {
			isa = PBXVariantGroup;
			children = (
				BD48AE8928A42BCC0024400C /* Base */,
			);
			name = Main.storyboard;
			sourceTree = "<group>";
		};
		BD48AE9028A42BCE0024400C /* LaunchScreen.storyboard */ = {
			isa = PBXVariantGroup;
			children = (
				BD48AE9128A42BCE0024400C /* Base */,
			);
			name = LaunchScreen.storyboard;
			sourceTree = "<group>";
		};
/* End PBXVariantGroup section */

/* Begin XCBuildConfiguration section */
		BD48AE9428A42BCE0024400C /* Debug */ = {
			isa = XCBuildConfiguration;
			buildSettings = {
				ALWAYS_SEARCH_USER_PATHS = NO;
				CLANG_ANALYZER_NONNULL = YES;
				CLANG_ANALYZER_NUMBER_OBJECT_CONVERSION = YES_AGGRESSIVE;
				CLANG_CXX_LANGUAGE_STANDARD = "gnu++17";
				CLANG_ENABLE_MODULES = YES;
				CLANG_ENABLE_OBJC_ARC = YES;
				CLANG_ENABLE_OBJC_WEAK = YES;
				CLANG_WARN_BLOCK_CAPTURE_AUTORELEASING = YES;
				CLANG_WARN_BOOL_CONVERSION = YES;
				CLANG_WARN_COMMA = YES;
				CLANG_WARN_CONSTANT_CONVERSION = YES;
				CLANG_WARN_DEPRECATED_OBJC_IMPLEMENTATIONS = YES;
				CLANG_WARN_DIRECT_OBJC_ISA_USAGE = YES_ERROR;
				CLANG_WARN_DOCUMENTATION_COMMENTS = YES;
				CLANG_WARN_EMPTY_BODY = YES;
				CLANG_WARN_ENUM_CONVERSION = YES;
				CLANG_WARN_INFINITE_RECURSION = YES;
				CLANG_WARN_INT_CONVERSION = YES;
				CLANG_WARN_NON_LITERAL_NULL_CONVERSION = YES;
				CLANG_WARN_OBJC_IMPLICIT_RETAIN_SELF = YES;
				CLANG_WARN_OBJC_LITERAL_CONVERSION = YES;
				CLANG_WARN_OBJC_ROOT_CLASS = YES_ERROR;
				CLANG_WARN_QUOTED_INCLUDE_IN_FRAMEWORK_HEADER = YES;
				CLANG_WARN_RANGE_LOOP_ANALYSIS = YES;
				CLANG_WARN_STRICT_PROTOTYPES = YES;
				CLANG_WARN_SUSPICIOUS_MOVE = YES;
				CLANG_WARN_UNGUARDED_AVAILABILITY = YES_AGGRESSIVE;
				CLANG_WARN_UNREACHABLE_CODE = YES;
				CLANG_WARN__DUPLICATE_METHOD_MATCH = YES;
				COPY_PHASE_STRIP = NO;
				DEBUG_INFORMATION_FORMAT = dwarf;
				ENABLE_STRICT_OBJC_MSGSEND = YES;
				ENABLE_TESTABILITY = YES;
				GCC_C_LANGUAGE_STANDARD = gnu11;
				GCC_DYNAMIC_NO_PIC = NO;
				GCC_NO_COMMON_BLOCKS = YES;
				GCC_OPTIMIZATION_LEVEL = 0;
				GCC_PREPROCESSOR_DEFINITIONS = (
					"DEBUG=1",
					"$(inherited)",
				);
				GCC_WARN_64_TO_32_BIT_CONVERSION = YES;
				GCC_WARN_ABOUT_RETURN_TYPE = YES_ERROR;
				GCC_WARN_UNDECLARED_SELECTOR = YES;
				GCC_WARN_UNINITIALIZED_AUTOS = YES_AGGRESSIVE;
				GCC_WARN_UNUSED_FUNCTION = YES;
				GCC_WARN_UNUSED_VARIABLE = YES;
				IPHONEOS_DEPLOYMENT_TARGET = 15.5;
				MTL_ENABLE_DEBUG_INFO = INCLUDE_SOURCE;
				MTL_FAST_MATH = YES;
				ONLY_ACTIVE_ARCH = YES;
				SDKROOT = iphoneos;
				SWIFT_ACTIVE_COMPILATION_CONDITIONS = DEBUG;
				SWIFT_OPTIMIZATION_LEVEL = "-Onone";
			};
			name = Debug;
		};
		BD48AE9528A42BCE0024400C /* Release */ = {
			isa = XCBuildConfiguration;
			buildSettings = {
				ALWAYS_SEARCH_USER_PATHS = NO;
				CLANG_ANALYZER_NONNULL = YES;
				CLANG_ANALYZER_NUMBER_OBJECT_CONVERSION = YES_AGGRESSIVE;
				CLANG_CXX_LANGUAGE_STANDARD = "gnu++17";
				CLANG_ENABLE_MODULES = YES;
				CLANG_ENABLE_OBJC_ARC = YES;
				CLANG_ENABLE_OBJC_WEAK = YES;
				CLANG_WARN_BLOCK_CAPTURE_AUTORELEASING = YES;
				CLANG_WARN_BOOL_CONVERSION = YES;
				CLANG_WARN_COMMA = YES;
				CLANG_WARN_CONSTANT_CONVERSION = YES;
				CLANG_WARN_DEPRECATED_OBJC_IMPLEMENTATIONS = YES;
				CLANG_WARN_DIRECT_OBJC_ISA_USAGE = YES_ERROR;
				CLANG_WARN_DOCUMENTATION_COMMENTS = YES;
				CLANG_WARN_EMPTY_BODY = YES;
				CLANG_WARN_ENUM_CONVERSION = YES;
				CLANG_WARN_INFINITE_RECURSION = YES;
				CLANG_WARN_INT_CONVERSION = YES;
				CLANG_WARN_NON_LITERAL_NULL_CONVERSION = YES;
				CLANG_WARN_OBJC_IMPLICIT_RETAIN_SELF = YES;
				CLANG_WARN_OBJC_LITERAL_CONVERSION = YES;
				CLANG_WARN_OBJC_ROOT_CLASS = YES_ERROR;
				CLANG_WARN_QUOTED_INCLUDE_IN_FRAMEWORK_HEADER = YES;
				CLANG_WARN_RANGE_LOOP_ANALYSIS = YES;
				CLANG_WARN_STRICT_PROTOTYPES = YES;
				CLANG_WARN_SUSPICIOUS_MOVE = YES;
				CLANG_WARN_UNGUARDED_AVAILABILITY = YES_AGGRESSIVE;
				CLANG_WARN_UNREACHABLE_CODE = YES;
				CLANG_WARN__DUPLICATE_METHOD_MATCH = YES;
				COPY_PHASE_STRIP = NO;
				DEBUG_INFORMATION_FORMAT = "dwarf-with-dsym";
				ENABLE_NS_ASSERTIONS = NO;
				ENABLE_STRICT_OBJC_MSGSEND = YES;
				GCC_C_LANGUAGE_STANDARD = gnu11;
				GCC_NO_COMMON_BLOCKS = YES;
				GCC_WARN_64_TO_32_BIT_CONVERSION = YES;
				GCC_WARN_ABOUT_RETURN_TYPE = YES_ERROR;
				GCC_WARN_UNDECLARED_SELECTOR = YES;
				GCC_WARN_UNINITIALIZED_AUTOS = YES_AGGRESSIVE;
				GCC_WARN_UNUSED_FUNCTION = YES;
				GCC_WARN_UNUSED_VARIABLE = YES;
				IPHONEOS_DEPLOYMENT_TARGET = 15.5;
				MTL_ENABLE_DEBUG_INFO = NO;
				MTL_FAST_MATH = YES;
				SDKROOT = iphoneos;
				SWIFT_COMPILATION_MODE = wholemodule;
				SWIFT_OPTIMIZATION_LEVEL = "-O";
				VALIDATE_PRODUCT = YES;
			};
			name = Release;
		};
		BD48AE9728A42BCE0024400C /* Debug */ = {
			isa = XCBuildConfiguration;
			buildSettings = {
				ASSETCATALOG_COMPILER_APPICON_NAME = AppIcon;
				ASSETCATALOG_COMPILER_GLOBAL_ACCENT_COLOR_NAME = AccentColor;
				CODE_SIGN_STYLE = Automatic;
				CURRENT_PROJECT_VERSION = 1;
				GENERATE_INFOPLIST_FILE = YES;
				INFOPLIST_FILE = "Actions&Outlets_1/Info.plist";
				INFOPLIST_KEY_UIApplicationSupportsIndirectInputEvents = YES;
				INFOPLIST_KEY_UILaunchStoryboardName = LaunchScreen;
				INFOPLIST_KEY_UIMainStoryboardFile = Main;
				INFOPLIST_KEY_UISupportedInterfaceOrientations_iPad = "UIInterfaceOrientationPortrait UIInterfaceOrientationPortraitUpsideDown UIInterfaceOrientationLandscapeLeft UIInterfaceOrientationLandscapeRight";
				INFOPLIST_KEY_UISupportedInterfaceOrientations_iPhone = "UIInterfaceOrientationPortrait UIInterfaceOrientationLandscapeLeft UIInterfaceOrientationLandscapeRight";
				LD_RUNPATH_SEARCH_PATHS = (
					"$(inherited)",
					"@executable_path/Frameworks",
				);
				MARKETING_VERSION = 1.0;
				PRODUCT_BUNDLE_IDENTIFIER = "KodeWithKlossy.Actions-Outlets-1";
				PRODUCT_NAME = "$(TARGET_NAME)";
				SWIFT_EMIT_LOC_STRINGS = YES;
				SWIFT_VERSION = 5.0;
				TARGETED_DEVICE_FAMILY = "1,2";
			};
			name = Debug;
		};
		BD48AE9828A42BCE0024400C /* Release */ = {
			isa = XCBuildConfiguration;
			buildSettings = {
				ASSETCATALOG_COMPILER_APPICON_NAME = AppIcon;
				ASSETCATALOG_COMPILER_GLOBAL_ACCENT_COLOR_NAME = AccentColor;
				CODE_SIGN_STYLE = Automatic;
				CURRENT_PROJECT_VERSION = 1;
				GENERATE_INFOPLIST_FILE = YES;
				INFOPLIST_FILE = "Actions&Outlets_1/Info.plist";
				INFOPLIST_KEY_UIApplicationSupportsIndirectInputEvents = YES;
				INFOPLIST_KEY_UILaunchStoryboardName = LaunchScreen;
				INFOPLIST_KEY_UIMainStoryboardFile = Main;
				INFOPLIST_KEY_UISupportedInterfaceOrientations_iPad = "UIInterfaceOrientationPortrait UIInterfaceOrientationPortraitUpsideDown UIInterfaceOrientationLandscapeLeft UIInterfaceOrientationLandscapeRight";
				INFOPLIST_KEY_UISupportedInterfaceOrientations_iPhone = "UIInterfaceOrientationPortrait UIInterfaceOrientationLandscapeLeft UIInterfaceOrientationLandscapeRight";
				LD_RUNPATH_SEARCH_PATHS = (
					"$(inherited)",
					"@executable_path/Frameworks",
				);
				MARKETING_VERSION = 1.0;
				PRODUCT_BUNDLE_IDENTIFIER = "KodeWithKlossy.Actions-Outlets-1";
				PRODUCT_NAME = "$(TARGET_NAME)";
				SWIFT_EMIT_LOC_STRINGS = YES;
				SWIFT_VERSION = 5.0;
				TARGETED_DEVICE_FAMILY = "1,2";
			};
			name = Release;
		};
/* End XCBuildConfiguration section */

/* Begin XCConfigurationList section */
		BD48AE7A28A42BCC0024400C /* Build configuration list for PBXProject "Actions&Outlets_1" */ = {
			isa = XCConfigurationList;
			buildConfigurations = (
				BD48AE9428A42BCE0024400C /* Debug */,
				BD48AE9528A42BCE0024400C /* Release */,
			);
			defaultConfigurationIsVisible = 0;
			defaultConfigurationName = Release;
		};
		BD48AE9628A42BCE0024400C /* Build configuration list for PBXNativeTarget "Actions&Outlets_1" */ = {
			isa = XCConfigurationList;
			buildConfigurations = (
				BD48AE9728A42BCE0024400C /* Debug */,
				BD48AE9828A42BCE0024400C /* Release */,
			);
			defaultConfigurationIsVisible = 0;
			defaultConfigurationName = Release;
		};
/* End XCConfigurationList section */

/* Begin XCVersionGroup section */
		BD48AE8B28A42BCC0024400C /* Actions_Outlets_1.xcdatamodeld */ = {
			isa = XCVersionGroup;
			children = (
				BD48AE8C28A42BCC0024400C /* Actions_Outlets_1.xcdatamodel */,
			);
			currentVersion = BD48AE8C28A42BCC0024400C /* Actions_Outlets_1.xcdatamodel */;
			path = Actions_Outlets_1.xcdatamodeld;
			sourceTree = "<group>";
			versionGroupType = wrapper.xcdatamodel;
		};
/* End XCVersionGroup section */
	};
	rootObject = BD48AE7728A42BCC0024400C /* Project object */;
}
